Microsoft Visual Studio Solution File, Format Version 12.00
# Visual Studio Version 17
VisualStudioVersion = 17.5.2.0
MinimumVisualStudioVersion = 10.0.40219.1
Project("{FAE04EC0-301F-11D3-BF4B-00C04F79EFBC}") = "SecureAPI_JWT", "SecureAPI_JWT\SecureAPI_JWT.csproj", "{73C1927A-EA6A-7D13-B68F-67FEE04EC74E}"
EndProject
Global
	GlobalSection(SolutionConfigurationPlatforms) = preSolution
		Debug|Any CPU = Debug|Any CPU
		Release|Any CPU = Release|Any CPU
	EndGlobalSection
	GlobalSection(ProjectConfigurationPlatforms) = postSolution
		{73C1927A-EA6A-7D13-B68F-67FEE04EC74E}.Debug|Any CPU.ActiveCfg = Debug|Any CPU
		{73C1927A-EA6A-7D13-B68F-67FEE04EC74E}.Debug|Any CPU.Build.0 = Debug|Any CPU
		{73C1927A-EA6A-7D13-B68F-67FEE04EC74E}.Release|Any CPU.ActiveCfg = Release|Any CPU
		{73C1927A-EA6A-7D13-B68F-67FEE04EC74E}.Release|Any CPU.Build.0 = Release|Any CPU
	EndGlobalSection
	GlobalSection(SolutionProperties) = preSolution
		HideSolutionNode = FALSE
	EndGlobalSection
	GlobalSection(ExtensibilityGlobals) = postSolution
		SolutionGuid = {AA435E0F-CFB7-4E7F-93BE-6998757CF4E0}
	EndGlobalSection
EndGlobal
